// !$*UTF8*$!
{
	archiveVersion = 1;
	classes = {
	};
	objectVersion = 46;
	objects = {

/* Begin PBXBuildFile section */
		7740653D1B51CF770080F4F7 /* AppDelegate.swift in Sources */ = {isa = PBXBuildFile; fileRef = 7740653C1B51CF770080F4F7 /* AppDelegate.swift */; };
		774065401B51CF770080F4F7 /* Deci_mate.xcdatamodeld in Sources */ = {isa = PBXBuildFile; fileRef = 7740653E1B51CF770080F4F7 /* Deci_mate.xcdatamodeld */; };
		774065421B51CF770080F4F7 /* ViewController.swift in Sources */ = {isa = PBXBuildFile; fileRef = 774065411B51CF770080F4F7 /* ViewController.swift */; };
		774065451B51CF770080F4F7 /* Main.storyboard in Resources */ = {isa = PBXBuildFile; fileRef = 774065431B51CF770080F4F7 /* Main.storyboard */; };
		774065471B51CF770080F4F7 /* Images.xcassets in Resources */ = {isa = PBXBuildFile; fileRef = 774065461B51CF770080F4F7 /* Images.xcassets */; };
		7740654A1B51CF770080F4F7 /* LaunchScreen.xib in Resources */ = {isa = PBXBuildFile; fileRef = 774065481B51CF770080F4F7 /* LaunchScreen.xib */; };
		774065561B51CF780080F4F7 /* Deci_mateTests.swift in Sources */ = {isa = PBXBuildFile; fileRef = 774065551B51CF780080F4F7 /* Deci_mateTests.swift */; };
/* End PBXBuildFile section */

/* Begin PBXContainerItemProxy section */
		774065501B51CF780080F4F7 /* PBXContainerItemProxy */ = {
			isa = PBXContainerItemProxy;
			containerPortal = 7740652F1B51CF770080F4F7 /* Project object */;
			proxyType = 1;
			remoteGlobalIDString = 774065361B51CF770080F4F7;
			remoteInfo = "Deci-mate";
		};
/* End PBXContainerItemProxy section */

/* Begin PBXFileReference section */
		774065371B51CF770080F4F7 /* Deci-mate.app */ = {isa = PBXFileReference; explicitFileType = wrapper.application; includeInIndex = 0; path = "Deci-mate.app"; sourceTree = BUILT_PRODUCTS_DIR; };
		7740653B1B51CF770080F4F7 /* Info.plist */ = {isa = PBXFileReference; lastKnownFileType = text.plist.xml; path = Info.plist; sourceTree = "<group>"; };
		7740653C1B51CF770080F4F7 /* AppDelegate.swift */ = {isa = PBXFileReference; lastKnownFileType = sourcecode.swift; path = AppDelegate.swift; sourceTree = "<group>"; };
		7740653F1B51CF770080F4F7 /* Deci_mate.xcdatamodel */ = {isa = PBXFileReference; lastKnownFileType = wrapper.xcdatamodel; path = Deci_mate.xcdatamodel; sourceTree = "<group>"; };
		774065411B51CF770080F4F7 /* ViewController.swift */ = {isa = PBXFileReference; lastKnownFileType = sourcecode.swift; path = ViewController.swift; sourceTree = "<group>"; };
		774065441B51CF770080F4F7 /* Base */ = {isa = PBXFileReference; lastKnownFileType = file.storyboard; name = Base; path = Base.lproj/Main.storyboard; sourceTree = "<group>"; };
		774065461B51CF770080F4F7 /* Images.xcassets */ = {isa = PBXFileReference; lastKnownFileType = folder.assetcatalog; path = Images.xcassets; sourceTree = "<group>"; };
		774065491B51CF770080F4F7 /* Base */ = {isa = PBXFileReference; lastKnownFileType = file.xib; name = Base; path = Base.lproj/LaunchScreen.xib; sourceTree = "<group>"; };
		7740654F1B51CF780080F4F7 /* Deci-mateTests.xctest */ = {isa = PBXFileReference; explicitFileType = wrapper.cfbundle; includeInIndex = 0; path = "Deci-mateTests.xctest"; sourceTree = BUILT_PRODUCTS_DIR; };
		774065541B51CF780080F4F7 /* Info.plist */ = {isa = PBXFileReference; lastKnownFileType = text.plist.xml; path = Info.plist; sourceTree = "<group>"; };
		774065551B51CF780080F4F7 /* Deci_mateTests.swift */ = {isa = PBXFileReference; lastKnownFileType = sourcecode.swift; path = Deci_mateTests.swift; sourceTree = "<group>"; };
/* End PBXFileReference section */

/* Begin PBXFrameworksBuildPhase section */
		774065341B51CF770080F4F7 /* Frameworks */ = {
			isa = PBXFrameworksBuildPhase;
			buildActionMask = 2147483647;
			files = (
			);
			runOnlyForDeploymentPostprocessing = 0;
		};
		7740654C1B51CF780080F4F7 /* Frameworks */ = {
			isa = PBXFrameworksBuildPhase;
			buildActionMask = 2147483647;
			files = (
			);
			runOnlyForDeploymentPostprocessing = 0;
		};
/* End PBXFrameworksBuildPhase section */

/* Begin PBXGroup section */
		7740652E1B51CF770080F4F7 = {
			isa = PBXGroup;
			children = (
				774065391B51CF770080F4F7 /* Deci-mate */,
				774065521B51CF780080F4F7 /* Deci-mateTests */,
				774065381B51CF770080F4F7 /* Products */,
			);
			sourceTree = "<group>";
		};
		774065381B51CF770080F4F7 /* Products */ = {
			isa = PBXGroup;
			children = (
				774065371B51CF770080F4F7 /* Deci-mate.app */,
				7740654F1B51CF780080F4F7 /* Deci-mateTests.xctest */,
			);
			name = Products;
			sourceTree = "<group>";
		};
		774065391B51CF770080F4F7 /* Deci-mate */ = {
			isa = PBXGroup;
			children = (
				7740653C1B51CF770080F4F7 /* AppDelegate.swift */,
				774065411B51CF770080F4F7 /* ViewController.swift */,
				774065431B51CF770080F4F7 /* Main.storyboard */,
				774065461B51CF770080F4F7 /* Images.xcassets */,
				774065481B51CF770080F4F7 /* LaunchScreen.xib */,
				7740653E1B51CF770080F4F7 /* Deci_mate.xcdatamodeld */,
				7740653A1B51CF770080F4F7 /* Supporting Files */,
			);
			path = "Deci-mate";
			sourceTree = "<group>";
		};
		7740653A1B51CF770080F4F7 /* Supporting Files */ = {
			isa = PBXGroup;
			children = (
				7740653B1B51CF770080F4F7 /* Info.plist */,
			);
			name = "Supporting Files";
			sourceTree = "<group>";
		};
		774065521B51CF780080F4F7 /* Deci-mateTests */ = {
			isa = PBXGroup;
			children = (
				774065551B51CF780080F4F7 /* Deci_mateTests.swift */,
				774065531B51CF780080F4F7 /* Supporting Files */,
			);
			path = "Deci-mateTests";
			sourceTree = "<group>";
		};
		774065531B51CF780080F4F7 /* Supporting Files */ = {
			isa = PBXGroup;
			children = (
				774065541B51CF780080F4F7 /* Info.plist */,
			);
			name = "Supporting Files";
			sourceTree = "<group>";
		};
/* End PBXGroup section */

/* Begin PBXNativeTarget section */
		774065361B51CF770080F4F7 /* Deci-mate */ = {
			isa = PBXNativeTarget;
			buildConfigurationList = 774065591B51CF780080F4F7 /* Build configuration list for PBXNativeTarget "Deci-mate" */;
			buildPhases = (
				774065331B51CF770080F4F7 /* Sources */,
				774065341B51CF770080F4F7 /* Frameworks */,
				774065351B51CF770080F4F7 /* Resources */,
			);
			buildRules = (
			);
			dependencies = (
			);
			name = "Deci-mate";
			productName = "Deci-mate";
			productReference = 774065371B51CF770080F4F7 /* Deci-mate.app */;
			productType = "com.apple.product-type.application";
		};
		7740654E1B51CF780080F4F7 /* Deci-mateTests */ = {
			isa = PBXNativeTarget;
			buildConfigurationList = 7740655C1B51CF780080F4F7 /* Build configuration list for PBXNativeTarget "Deci-mateTests" */;
			buildPhases = (
				7740654B1B51CF780080F4F7 /* Sources */,
				7740654C1B51CF780080F4F7 /* Frameworks */,
				7740654D1B51CF780080F4F7 /* Resources */,
			);
			buildRules = (
			);
			dependencies = (
				774065511B51CF780080F4F7 /* PBXTargetDependency */,
			);
			name = "Deci-mateTests";
			productName = "Deci-mateTests";
			productReference = 7740654F1B51CF780080F4F7 /* Deci-mateTests.xctest */;
			productType = "com.apple.product-type.bundle.unit-test";
		};
/* End PBXNativeTarget section */

/* Begin PBXProject section */
		7740652F1B51CF770080F4F7 /* Project object */ = {
			isa = PBXProject;
			attributes = {
				LastUpgradeCheck = 0640;
				ORGANIZATIONNAME = Innogen;
				TargetAttributes = {
					774065361B51CF770080F4F7 = {
						CreatedOnToolsVersion = 6.4;
					};
					7740654E1B51CF780080F4F7 = {
						CreatedOnToolsVersion = 6.4;
						TestTargetID = 774065361B51CF770080F4F7;
					};
				};
			};
			buildConfigurationList = 774065321B51CF770080F4F7 /* Build configuration list for PBXProject "Deci-mate" */;
			compatibilityVersion = "Xcode 3.2";
			developmentRegion = English;
			hasScannedForEncodings = 0;
			knownRegions = (
				en,
				Base,
			);
			mainGroup = 7740652E1B51CF770080F4F7;
			productRefGroup = 774065381B51CF770080F4F7 /* Products */;
			projectDirPath = "";
			projectRoot = "";
			targets = (
				774065361B51CF770080F4F7 /* Deci-mate */,
				7740654E1B51CF780080F4F7 /* Deci-mateTests */,
			);
		};
/* End PBXProject section */

/* Begin PBXResourcesBuildPhase section */
		774065351B51CF770080F4F7 /* Resources */ = {
			isa = PBXResourcesBuildPhase;
			buildActionMask = 2147483647;
			files = (
				774065451B51CF770080F4F7 /* Main.storyboard in Resources */,
				7740654A1B51CF770080F4F7 /* LaunchScreen.xib in Resources */,
				774065471B51CF770080F4F7 /* Images.xcassets in Resources */,
			);
			runOnlyForDeploymentPostprocessing = 0;
		};
		7740654D1B51CF780080F4F7 /* Resources */ = {
			isa = PBXResourcesBuildPhase;
			buildActionMask = 2147483647;
			files = (
			);
			runOnlyForDeploymentPostprocessing = 0;
		};
/* End PBXResourcesBuildPhase section */

/* Begin PBXSourcesBuildPhase section */
		774065331B51CF770080F4F7 /* Sources */ = {
			isa = PBXSourcesBuildPhase;
			buildActionMask = 2147483647;
			files = (
				774065421B51CF770080F4F7 /* ViewController.swift in Sources */,
				7740653D1B51CF770080F4F7 /* AppDelegate.swift in Sources */,
				774065401B51CF770080F4F7 /* Deci_mate.xcdatamodeld in Sources */,
			);
			runOnlyForDeploymentPostprocessing = 0;
		};
		7740654B1B51CF780080F4F7 /* Sources */ = {
			isa = PBXSourcesBuildPhase;
			buildActionMask = 2147483647;
			files = (
				774065561B51CF780080F4F7 /* Deci_mateTests.swift in Sources */,
			);
			runOnlyForDeploymentPostprocessing = 0;
		};
/* End PBXSourcesBuildPhase section */

/* Begin PBXTargetDependency section */
		774065511B51CF780080F4F7 /* PBXTargetDependency */ = {
			isa = PBXTargetDependency;
			target = 774065361B51CF770080F4F7 /* Deci-mate */;
			targetProxy = 774065501B51CF780080F4F7 /* PBXContainerItemProxy */;
		};
/* End PBXTargetDependency section */

/* Begin PBXVariantGroup section */
		774065431B51CF770080F4F7 /* Main.storyboard */ = {
			isa = PBXVariantGroup;
			children = (
				774065441B51CF770080F4F7 /* Base */,
			);
			name = Main.storyboard;
			sourceTree = "<group>";
		};
		774065481B51CF770080F4F7 /* LaunchScreen.xib */ = {
			isa = PBXVariantGroup;
			children = (
				774065491B51CF770080F4F7 /* Base */,
			);
			name = LaunchScreen.xib;
			sourceTree = "<group>";
		};
/* End PBXVariantGroup section */

/* Begin XCBuildConfiguration section */
		774065571B51CF780080F4F7 /* Debug */ = {
			isa = XCBuildConfiguration;
			buildSettings = {
				ALWAYS_SEARCH_USER_PATHS = NO;
				CLANG_CXX_LANGUAGE_STANDARD = "gnu++0x";
				CLANG_CXX_LIBRARY = "libc++";
				CLANG_ENABLE_MODULES = YES;
				CLANG_ENABLE_OBJC_ARC = YES;
				CLANG_WARN_BOOL_CONVERSION = YES;
				CLANG_WARN_CONSTANT_CONVERSION = YES;
				CLANG_WARN_DIRECT_OBJC_ISA_USAGE = YES_ERROR;
				CLANG_WARN_EMPTY_BODY = YES;
				CLANG_WARN_ENUM_CONVERSION = YES;
				CLANG_WARN_INT_CONVERSION = YES;
				CLANG_WARN_OBJC_ROOT_CLASS = YES_ERROR;
				CLANG_WARN_UNREACHABLE_CODE = YES;
				CLANG_WARN__DUPLICATE_METHOD_MATCH = YES;
				"CODE_SIGN_IDENTITY[sdk=iphoneos*]" = "iPhone Developer";
				COPY_PHASE_STRIP = NO;
				DEBUG_INFORMATION_FORMAT = "dwarf-with-dsym";
				ENABLE_STRICT_OBJC_MSGSEND = YES;
				GCC_C_LANGUAGE_STANDARD = gnu99;
				GCC_DYNAMIC_NO_PIC = NO;
				GCC_NO_COMMON_BLOCKS = YES;
				GCC_OPTIMIZATION_LEVEL = 0;
				GCC_PREPROCESSOR_DEFINITIONS = (
					"DEBUG=1",
					"$(inherited)",
				);
				GCC_SYMBOLS_PRIVATE_EXTERN = NO;
				GCC_WARN_64_TO_32_BIT_CONVERSION = YES;
				GCC_WARN_ABOUT_RETURN_TYPE = YES_ERROR;
				GCC_WARN_UNDECLARED_SELECTOR = YES;
				GCC_WARN_UNINITIALIZED_AUTOS = YES_AGGRESSIVE;
				GCC_WARN_UNUSED_FUNCTION = YES;
				GCC_WARN_UNUSED_VARIABLE = YES;
				IPHONEOS_DEPLOYMENT_TARGET = 8.3;
				MTL_ENABLE_DEBUG_INFO = YES;
				ONLY_ACTIVE_ARCH = YES;
				SDKROOT = iphoneos;
				SWIFT_OPTIMIZATION_LEVEL = "-Onone";
			};
			name = Debug;
		};
		774065581B51CF780080F4F7 /* Release */ = {
			isa = XCBuildConfiguration;
			buildSettings = {
				ALWAYS_SEARCH_USER_PATHS = NO;
				CLANG_CXX_LANGUAGE_STANDARD = "gnu++0x";
				CLANG_CXX_LIBRARY = "libc++";
				CLANG_ENABLE_MODULES = YES;
				CLANG_ENABLE_OBJC_ARC = YES;
				CLANG_WARN_BOOL_CONVERSION = YES;
				CLANG_WARN_CONSTANT_CONVERSION = YES;
				CLANG_WARN_DIRECT_OBJC_ISA_USAGE = YES_ERROR;
				CLANG_WARN_EMPTY_BODY = YES;
				CLANG_WARN_ENUM_CONVERSION = YES;
				CLANG_WARN_INT_CONVERSION = YES;
				CLANG_WARN_OBJC_ROOT_CLASS = YES_ERROR;
				CLANG_WARN_UNREACHABLE_CODE = YES;
				CLANG_WARN__DUPLICATE_METHOD_MATCH = YES;
				"CODE_SIGN_IDENTITY[sdk=iphoneos*]" = "iPhone Developer";
				COPY_PHASE_STRIP = NO;
				DEBUG_INFORMATION_FORMAT = "dwarf-with-dsym";
				ENABLE_NS_ASSERTIONS = NO;
				ENABLE_STRICT_OBJC_MSGSEND = YES;
				GCC_C_LANGUAGE_STANDARD = gnu99;
				GCC_NO_COMMON_BLOCKS = YES;
				GCC_WARN_64_TO_32_BIT_CONVERSION = YES;
				GCC_WARN_ABOUT_RETURN_TYPE = YES_ERROR;
				GCC_WARN_UNDECLARED_SELECTOR = YES;
				GCC_WARN_UNINITIALIZED_AUTOS = YES_AGGRESSIVE;
				GCC_WARN_UNUSED_FUNCTION = YES;
				GCC_WARN_UNUSED_VARIABLE = YES;
				IPHONEOS_DEPLOYMENT_TARGET = 8.3;
				MTL_ENABLE_DEBUG_INFO = NO;
				SDKROOT = iphoneos;
				VALIDATE_PRODUCT = YES;
			};
			name = Release;
		};
		7740655A1B51CF780080F4F7 /* Debug */ = {
			isa = XCBuildConfiguration;
			buildSettings = {
				ASSETCATALOG_COMPILER_APPICON_NAME = AppIcon;
				INFOPLIST_FILE = "Deci-mate/Info.plist";
				LD_RUNPATH_SEARCH_PATHS = "$(inherited) @executable_path/Frameworks";
				PRODUCT_NAME = "$(TARGET_NAME)";
			};
			name = Debug;
		};
		7740655B1B51CF780080F4F7 /* Release */ = {
			isa = XCBuildConfiguration;
			buildSettings = {
				ASSETCATALOG_COMPILER_APPICON_NAME = AppIcon;
				INFOPLIST_FILE = "Deci-mate/Info.plist";
				LD_RUNPATH_SEARCH_PATHS = "$(inherited) @executable_path/Frameworks";
				PRODUCT_NAME = "$(TARGET_NAME)";
			};
			name = Release;
		};
		7740655D1B51CF780080F4F7 /* Debug */ = {
			isa = XCBuildConfiguration;
			buildSettings = {
				BUNDLE_LOADER = "$(TEST_HOST)";
				FRAMEWORK_SEARCH_PATHS = (
					"$(SDKROOT)/Developer/Library/Frameworks",
					"$(inherited)",
				);
				GCC_PREPROCESSOR_DEFINITIONS = (
					"DEBUG=1",
					"$(inherited)",
				);
				INFOPLIST_FILE = "Deci-mateTests/Info.plist";
				LD_RUNPATH_SEARCH_PATHS = "$(inherited) @executable_path/Frameworks @loader_path/Frameworks";
				PRODUCT_NAME = "$(TARGET_NAME)";
				TEST_HOST = "$(BUILT_PRODUCTS_DIR)/Deci-mate.app/Deci-mate";
			};
			name = Debug;
		};
		7740655E1B51CF780080F4F7 /* Release */ = {
			isa = XCBuildConfiguration;
			buildSettings = {
				BUNDLE_LOADER = "$(TEST_HOST)";
				FRAMEWORK_SEARCH_PATHS = (
					"$(SDKROOT)/Developer/Library/Frameworks",
					"$(inherited)",
				);
				INFOPLIST_FILE = "Deci-mateTests/Info.plist";
				LD_RUNPATH_SEARCH_PATHS = "$(inherited) @executable_path/Frameworks @loader_path/Frameworks";
				PRODUCT_NAME = "$(TARGET_NAME)";
				TEST_HOST = "$(BUILT_PRODUCTS_DIR)/Deci-mate.app/Deci-mate";
			};
			name = Release;
		};
/* End XCBuildConfiguration section */

/* Begin XCConfigurationList section */
		774065321B51CF770080F4F7 /* Build configuration list for PBXProject "Deci-mate" */ = {
			isa = XCConfigurationList;
			buildConfigurations = (
				774065571B51CF780080F4F7 /* Debug */,
				774065581B51CF780080F4F7 /* Release */,
			);
			defaultConfigurationIsVisible = 0;
			defaultConfigurationName = Release;
		};
		774065591B51CF780080F4F7 /* Build configuration list for PBXNativeTarget "Deci-mate" */ = {
			isa = XCConfigurationList;
			buildConfigurations = (
				7740655A1B51CF780080F4F7 /* Debug */,
				7740655B1B51CF780080F4F7 /* Release */,
			);
			defaultConfigurationIsVisible = 0;
		};
		7740655C1B51CF780080F4F7 /* Build configuration list for PBXNativeTarget "Deci-mateTests" */ = {
			isa = XCConfigurationList;
			buildConfigurations = (
				7740655D1B51CF780080F4F7 /* Debug */,
				7740655E1B51CF780080F4F7 /* Release */,
			);
			defaultConfigurationIsVisible = 0;
		};
/* End XCConfigurationList section */

/* Begin XCVersionGroup section */
		7740653E1B51CF770080F4F7 /* Deci_mate.xcdatamodeld */ = {
			isa = XCVersionGroup;
			children = (
				7740653F1B51CF770080F4F7 /* Deci_mate.xcdatamodel */,
			);
			currentVersion = 7740653F1B51CF770080F4F7 /* Deci_mate.xcdatamodel */;
			path = Deci_mate.xcdatamodeld;
			sourceTree = "<group>";
			versionGroupType = wrapper.xcdatamodel;
		};
/* End XCVersionGroup section */
	};
	rootObject = 7740652F1B51CF770080F4F7 /* Project object */;
}
