// !$*UTF8*$!
{
	archiveVersion = 1;
	classes = {
	};
	objectVersion = 46;
	objects = {

/* Begin PBXBuildFile section */
		672556F0D37FF4B52C4D6384 /* Pods.framework in Frameworks */ = {isa = PBXBuildFile; fileRef = 02CE6032C2CA231D5D9C9D86 /* Pods.framework */; settings = {ATTRIBUTES = (Weak, ); }; };
		7740653D1B51CF770080F4F7 /* AppDelegate.swift in Sources */ = {isa = PBXBuildFile; fileRef = 7740653C1B51CF770080F4F7 /* AppDelegate.swift */; };
		774065401B51CF770080F4F7 /* Deci_mate.xcdatamodeld in Sources */ = {isa = PBXBuildFile; fileRef = 7740653E1B51CF770080F4F7 /* Deci_mate.xcdatamodeld */; };
		774065421B51CF770080F4F7 /* ViewController.swift in Sources */ = {isa = PBXBuildFile; fileRef = 774065411B51CF770080F4F7 /* ViewController.swift */; };
		774065451B51CF770080F4F7 /* Main.storyboard in Resources */ = {isa = PBXBuildFile; fileRef = 774065431B51CF770080F4F7 /* Main.storyboard */; };
		774065471B51CF770080F4F7 /* Images.xcassets in Resources */ = {isa = PBXBuildFile; fileRef = 774065461B51CF770080F4F7 /* Images.xcassets */; };
		7740654A1B51CF770080F4F7 /* LaunchScreen.xib in Resources */ = {isa = PBXBuildFile; fileRef = 774065481B51CF770080F4F7 /* LaunchScreen.xib */; };
		774065561B51CF780080F4F7 /* Deci_mateTests.swift in Sources */ = {isa = PBXBuildFile; fileRef = 774065551B51CF780080F4F7 /* Deci_mateTests.swift */; };
		774065711B51D8270080F4F7 /* AudioMeter.mm in Sources */ = {isa = PBXBuildFile; fileRef = 774065701B51D8270080F4F7 /* AudioMeter.mm */; };
		774065731B51D8910080F4F7 /* Accelerate.framework in Frameworks */ = {isa = PBXBuildFile; fileRef = 774065721B51D8910080F4F7 /* Accelerate.framework */; };
		774065751B51D8990080F4F7 /* OpenGLES.framework in Frameworks */ = {isa = PBXBuildFile; fileRef = 774065741B51D8990080F4F7 /* OpenGLES.framework */; };
		774065771B51D8A10080F4F7 /* UIKit.framework in Frameworks */ = {isa = PBXBuildFile; fileRef = 774065761B51D8A10080F4F7 /* UIKit.framework */; };
		774065791B51D8A60080F4F7 /* Foundation.framework in Frameworks */ = {isa = PBXBuildFile; fileRef = 774065781B51D8A60080F4F7 /* Foundation.framework */; };
		7740657B1B51D8AB0080F4F7 /* CoreGraphics.framework in Frameworks */ = {isa = PBXBuildFile; fileRef = 7740657A1B51D8AB0080F4F7 /* CoreGraphics.framework */; };
		7740657D1B51D8B00080F4F7 /* AudioToolbox.framework in Frameworks */ = {isa = PBXBuildFile; fileRef = 7740657C1B51D8B00080F4F7 /* AudioToolbox.framework */; };
		7740657F1B51D8BB0080F4F7 /* MediaPlayer.framework in Frameworks */ = {isa = PBXBuildFile; fileRef = 7740657E1B51D8BB0080F4F7 /* MediaPlayer.framework */; };
		774065851B51DA1C0080F4F7 /* mo_audio.mm in Sources */ = {isa = PBXBuildFile; fileRef = 774065821B51DA1C0080F4F7 /* mo_audio.mm */; settings = {COMPILER_FLAGS = "-fno-objc-arc"; }; };
		774065861B51DA1C0080F4F7 /* mo_gfx.mm in Sources */ = {isa = PBXBuildFile; fileRef = 774065841B51DA1C0080F4F7 /* mo_gfx.mm */; settings = {COMPILER_FLAGS = "-fno-objc-arc"; }; };
		774065881B51DB690080F4F7 /* aubio.framework in Frameworks */ = {isa = PBXBuildFile; fileRef = 774065871B51DB690080F4F7 /* aubio.framework */; };
		7740658B1B51DBED0080F4F7 /* FFTHelper.mm in Sources */ = {isa = PBXBuildFile; fileRef = 7740658A1B51DBED0080F4F7 /* FFTHelper.mm */; };
		7740658D1B51FB990080F4F7 /* Model.swift in Sources */ = {isa = PBXBuildFile; fileRef = 7740658C1B51FB990080F4F7 /* Model.swift */; };
		77C4FC781B52E05E00181A27 /* SettingsViewController.swift in Sources */ = {isa = PBXBuildFile; fileRef = 77C4FC771B52E05E00181A27 /* SettingsViewController.swift */; };
		B8C87AB11B52D932008478A3 /* Alamofire-SwiftyJSON.swift in Sources */ = {isa = PBXBuildFile; fileRef = B8C87AB01B52D932008478A3 /* Alamofire-SwiftyJSON.swift */; };
/* End PBXBuildFile section */

/* Begin PBXContainerItemProxy section */
		774065501B51CF780080F4F7 /* PBXContainerItemProxy */ = {
			isa = PBXContainerItemProxy;
			containerPortal = 7740652F1B51CF770080F4F7 /* Project object */;
			proxyType = 1;
			remoteGlobalIDString = 774065361B51CF770080F4F7;
			remoteInfo = "Deci-mate";
		};
/* End PBXContainerItemProxy section */

/* Begin PBXFileReference section */
		02CE6032C2CA231D5D9C9D86 /* Pods.framework */ = {isa = PBXFileReference; explicitFileType = wrapper.framework; includeInIndex = 0; path = Pods.framework; sourceTree = BUILT_PRODUCTS_DIR; };
		774065371B51CF770080F4F7 /* Deci-mate.app */ = {isa = PBXFileReference; explicitFileType = wrapper.application; includeInIndex = 0; path = "Deci-mate.app"; sourceTree = BUILT_PRODUCTS_DIR; };
		7740653B1B51CF770080F4F7 /* Info.plist */ = {isa = PBXFileReference; lastKnownFileType = text.plist.xml; path = Info.plist; sourceTree = "<group>"; };
		7740653C1B51CF770080F4F7 /* AppDelegate.swift */ = {isa = PBXFileReference; lastKnownFileType = sourcecode.swift; path = AppDelegate.swift; sourceTree = "<group>"; };
		7740653F1B51CF770080F4F7 /* Deci_mate.xcdatamodel */ = {isa = PBXFileReference; lastKnownFileType = wrapper.xcdatamodel; path = Deci_mate.xcdatamodel; sourceTree = "<group>"; };
		774065411B51CF770080F4F7 /* ViewController.swift */ = {isa = PBXFileReference; lastKnownFileType = sourcecode.swift; path = ViewController.swift; sourceTree = "<group>"; };
		774065441B51CF770080F4F7 /* Base */ = {isa = PBXFileReference; lastKnownFileType = file.storyboard; name = Base; path = Base.lproj/Main.storyboard; sourceTree = "<group>"; };
		774065461B51CF770080F4F7 /* Images.xcassets */ = {isa = PBXFileReference; lastKnownFileType = folder.assetcatalog; path = Images.xcassets; sourceTree = "<group>"; };
		774065491B51CF770080F4F7 /* Base */ = {isa = PBXFileReference; lastKnownFileType = file.xib; name = Base; path = Base.lproj/LaunchScreen.xib; sourceTree = "<group>"; };
		7740654F1B51CF780080F4F7 /* Deci-mateTests.xctest */ = {isa = PBXFileReference; explicitFileType = wrapper.cfbundle; includeInIndex = 0; path = "Deci-mateTests.xctest"; sourceTree = BUILT_PRODUCTS_DIR; };
		774065541B51CF780080F4F7 /* Info.plist */ = {isa = PBXFileReference; lastKnownFileType = text.plist.xml; path = Info.plist; sourceTree = "<group>"; };
		774065551B51CF780080F4F7 /* Deci_mateTests.swift */ = {isa = PBXFileReference; lastKnownFileType = sourcecode.swift; path = Deci_mateTests.swift; sourceTree = "<group>"; };
		774065601B51D7090080F4F7 /* Deci-mate-Bridging-Header.h */ = {isa = PBXFileReference; lastKnownFileType = sourcecode.c.h; path = "Deci-mate-Bridging-Header.h"; sourceTree = "<group>"; };
		7740656F1B51D81E0080F4F7 /* AudioMeter.h */ = {isa = PBXFileReference; lastKnownFileType = sourcecode.c.h; path = AudioMeter.h; sourceTree = "<group>"; };
		774065701B51D8270080F4F7 /* AudioMeter.mm */ = {isa = PBXFileReference; fileEncoding = 4; lastKnownFileType = sourcecode.cpp.objcpp; path = AudioMeter.mm; sourceTree = "<group>"; };
		774065721B51D8910080F4F7 /* Accelerate.framework */ = {isa = PBXFileReference; lastKnownFileType = wrapper.framework; name = Accelerate.framework; path = System/Library/Frameworks/Accelerate.framework; sourceTree = SDKROOT; };
		774065741B51D8990080F4F7 /* OpenGLES.framework */ = {isa = PBXFileReference; lastKnownFileType = wrapper.framework; name = OpenGLES.framework; path = System/Library/Frameworks/OpenGLES.framework; sourceTree = SDKROOT; };
		774065761B51D8A10080F4F7 /* UIKit.framework */ = {isa = PBXFileReference; lastKnownFileType = wrapper.framework; name = UIKit.framework; path = System/Library/Frameworks/UIKit.framework; sourceTree = SDKROOT; };
		774065781B51D8A60080F4F7 /* Foundation.framework */ = {isa = PBXFileReference; lastKnownFileType = wrapper.framework; name = Foundation.framework; path = System/Library/Frameworks/Foundation.framework; sourceTree = SDKROOT; };
		7740657A1B51D8AB0080F4F7 /* CoreGraphics.framework */ = {isa = PBXFileReference; lastKnownFileType = wrapper.framework; name = CoreGraphics.framework; path = System/Library/Frameworks/CoreGraphics.framework; sourceTree = SDKROOT; };
		7740657C1B51D8B00080F4F7 /* AudioToolbox.framework */ = {isa = PBXFileReference; lastKnownFileType = wrapper.framework; name = AudioToolbox.framework; path = System/Library/Frameworks/AudioToolbox.framework; sourceTree = SDKROOT; };
		7740657E1B51D8BB0080F4F7 /* MediaPlayer.framework */ = {isa = PBXFileReference; lastKnownFileType = wrapper.framework; name = MediaPlayer.framework; path = System/Library/Frameworks/MediaPlayer.framework; sourceTree = SDKROOT; };
		774065801B51DA1C0080F4F7 /* mo_def.h */ = {isa = PBXFileReference; fileEncoding = 4; lastKnownFileType = sourcecode.c.h; path = mo_def.h; sourceTree = "<group>"; };
		774065811B51DA1C0080F4F7 /* mo_audio.h */ = {isa = PBXFileReference; fileEncoding = 4; lastKnownFileType = sourcecode.c.h; path = mo_audio.h; sourceTree = "<group>"; };
		774065821B51DA1C0080F4F7 /* mo_audio.mm */ = {isa = PBXFileReference; fileEncoding = 4; lastKnownFileType = sourcecode.cpp.objcpp; path = mo_audio.mm; sourceTree = "<group>"; };
		774065831B51DA1C0080F4F7 /* mo_gfx.h */ = {isa = PBXFileReference; fileEncoding = 4; lastKnownFileType = sourcecode.c.h; path = mo_gfx.h; sourceTree = "<group>"; };
		774065841B51DA1C0080F4F7 /* mo_gfx.mm */ = {isa = PBXFileReference; fileEncoding = 4; lastKnownFileType = sourcecode.cpp.objcpp; path = mo_gfx.mm; sourceTree = "<group>"; };
		774065871B51DB690080F4F7 /* aubio.framework */ = {isa = PBXFileReference; lastKnownFileType = wrapper.framework; path = aubio.framework; sourceTree = "<group>"; };
		774065891B51DBED0080F4F7 /* FFTHelper.h */ = {isa = PBXFileReference; fileEncoding = 4; lastKnownFileType = sourcecode.c.h; path = FFTHelper.h; sourceTree = "<group>"; };
		7740658A1B51DBED0080F4F7 /* FFTHelper.mm */ = {isa = PBXFileReference; fileEncoding = 4; lastKnownFileType = sourcecode.cpp.objcpp; path = FFTHelper.mm; sourceTree = "<group>"; };
		7740658C1B51FB990080F4F7 /* Model.swift */ = {isa = PBXFileReference; fileEncoding = 4; lastKnownFileType = sourcecode.swift; path = Model.swift; sourceTree = "<group>"; };
		77C4FC771B52E05E00181A27 /* SettingsViewController.swift */ = {isa = PBXFileReference; fileEncoding = 4; lastKnownFileType = sourcecode.swift; path = SettingsViewController.swift; sourceTree = "<group>"; };
		87D3F8273D6C741CB4052C42 /* Pods.debug.xcconfig */ = {isa = PBXFileReference; includeInIndex = 1; lastKnownFileType = text.xcconfig; name = Pods.debug.xcconfig; path = "Pods/Target Support Files/Pods/Pods.debug.xcconfig"; sourceTree = "<group>"; };
		B8C87AB01B52D932008478A3 /* Alamofire-SwiftyJSON.swift */ = {isa = PBXFileReference; fileEncoding = 4; lastKnownFileType = sourcecode.swift; path = "Alamofire-SwiftyJSON.swift"; sourceTree = "<group>"; };
		CBB63EED0C7C6911BF49DC6D /* Pods.release.xcconfig */ = {isa = PBXFileReference; includeInIndex = 1; lastKnownFileType = text.xcconfig; name = Pods.release.xcconfig; path = "Pods/Target Support Files/Pods/Pods.release.xcconfig"; sourceTree = "<group>"; };
/* End PBXFileReference section */

/* Begin PBXFrameworksBuildPhase section */
		774065341B51CF770080F4F7 /* Frameworks */ = {
			isa = PBXFrameworksBuildPhase;
			buildActionMask = 2147483647;
			files = (
				7740657F1B51D8BB0080F4F7 /* MediaPlayer.framework in Frameworks */,
				774065881B51DB690080F4F7 /* aubio.framework in Frameworks */,
				7740657D1B51D8B00080F4F7 /* AudioToolbox.framework in Frameworks */,
				7740657B1B51D8AB0080F4F7 /* CoreGraphics.framework in Frameworks */,
				774065791B51D8A60080F4F7 /* Foundation.framework in Frameworks */,
				774065771B51D8A10080F4F7 /* UIKit.framework in Frameworks */,
				774065751B51D8990080F4F7 /* OpenGLES.framework in Frameworks */,
				774065731B51D8910080F4F7 /* Accelerate.framework in Frameworks */,
				672556F0D37FF4B52C4D6384 /* Pods.framework in Frameworks */,
			);
			runOnlyForDeploymentPostprocessing = 0;
		};
		7740654C1B51CF780080F4F7 /* Frameworks */ = {
			isa = PBXFrameworksBuildPhase;
			buildActionMask = 2147483647;
			files = (
			);
			runOnlyForDeploymentPostprocessing = 0;
		};
/* End PBXFrameworksBuildPhase section */

/* Begin PBXGroup section */
		599F4367F7AE52890F546917 /* Pods */ = {
			isa = PBXGroup;
			children = (
				87D3F8273D6C741CB4052C42 /* Pods.debug.xcconfig */,
				CBB63EED0C7C6911BF49DC6D /* Pods.release.xcconfig */,
			);
			name = Pods;
			sourceTree = "<group>";
		};
		7740652E1B51CF770080F4F7 = {
			isa = PBXGroup;
			children = (
				774065391B51CF770080F4F7 /* Deci-mate */,
				774065521B51CF780080F4F7 /* Deci-mateTests */,
				774065381B51CF770080F4F7 /* Products */,
				599F4367F7AE52890F546917 /* Pods */,
				ABC677B1E5763A545039F023 /* Frameworks */,
			);
			sourceTree = "<group>";
		};
		774065381B51CF770080F4F7 /* Products */ = {
			isa = PBXGroup;
			children = (
				774065371B51CF770080F4F7 /* Deci-mate.app */,
				7740654F1B51CF780080F4F7 /* Deci-mateTests.xctest */,
			);
			name = Products;
			sourceTree = "<group>";
		};
		774065391B51CF770080F4F7 /* Deci-mate */ = {
			isa = PBXGroup;
			children = (
				774065691B51D73B0080F4F7 /* ViewControllers */,
				774065681B51D7360080F4F7 /* Core */,
				7740655F1B51D6E80080F4F7 /* External */,
				774065431B51CF770080F4F7 /* Main.storyboard */,
				774065461B51CF770080F4F7 /* Images.xcassets */,
				774065481B51CF770080F4F7 /* LaunchScreen.xib */,
				7740653E1B51CF770080F4F7 /* Deci_mate.xcdatamodeld */,
				7740653A1B51CF770080F4F7 /* Supporting Files */,
			);
			path = "Deci-mate";
			sourceTree = "<group>";
		};
		7740653A1B51CF770080F4F7 /* Supporting Files */ = {
			isa = PBXGroup;
			children = (
				7740653B1B51CF770080F4F7 /* Info.plist */,
			);
			name = "Supporting Files";
			sourceTree = "<group>";
		};
		774065521B51CF780080F4F7 /* Deci-mateTests */ = {
			isa = PBXGroup;
			children = (
				774065551B51CF780080F4F7 /* Deci_mateTests.swift */,
				774065531B51CF780080F4F7 /* Supporting Files */,
			);
			path = "Deci-mateTests";
			sourceTree = "<group>";
		};
		774065531B51CF780080F4F7 /* Supporting Files */ = {
			isa = PBXGroup;
			children = (
				774065541B51CF780080F4F7 /* Info.plist */,
			);
			name = "Supporting Files";
			sourceTree = "<group>";
		};
		7740655F1B51D6E80080F4F7 /* External */ = {
			isa = PBXGroup;
			children = (
				774065891B51DBED0080F4F7 /* FFTHelper.h */,
				7740658A1B51DBED0080F4F7 /* FFTHelper.mm */,
				774065801B51DA1C0080F4F7 /* mo_def.h */,
				774065811B51DA1C0080F4F7 /* mo_audio.h */,
				774065821B51DA1C0080F4F7 /* mo_audio.mm */,
				774065831B51DA1C0080F4F7 /* mo_gfx.h */,
				774065841B51DA1C0080F4F7 /* mo_gfx.mm */,
				B8C87AB01B52D932008478A3 /* Alamofire-SwiftyJSON.swift */,
			);
			name = External;
			sourceTree = "<group>";
		};
		774065681B51D7360080F4F7 /* Core */ = {
			isa = PBXGroup;
			children = (
				774065601B51D7090080F4F7 /* Deci-mate-Bridging-Header.h */,
				7740653C1B51CF770080F4F7 /* AppDelegate.swift */,
				7740656F1B51D81E0080F4F7 /* AudioMeter.h */,
				774065701B51D8270080F4F7 /* AudioMeter.mm */,
				7740658C1B51FB990080F4F7 /* Model.swift */,
			);
			name = Core;
			sourceTree = "<group>";
		};
		774065691B51D73B0080F4F7 /* ViewControllers */ = {
			isa = PBXGroup;
			children = (
				774065411B51CF770080F4F7 /* ViewController.swift */,
				77C4FC771B52E05E00181A27 /* SettingsViewController.swift */,
			);
			name = ViewControllers;
			sourceTree = "<group>";
		};
		ABC677B1E5763A545039F023 /* Frameworks */ = {
			isa = PBXGroup;
			children = (
				774065871B51DB690080F4F7 /* aubio.framework */,
				7740657E1B51D8BB0080F4F7 /* MediaPlayer.framework */,
				7740657C1B51D8B00080F4F7 /* AudioToolbox.framework */,
				7740657A1B51D8AB0080F4F7 /* CoreGraphics.framework */,
				774065781B51D8A60080F4F7 /* Foundation.framework */,
				774065761B51D8A10080F4F7 /* UIKit.framework */,
				774065741B51D8990080F4F7 /* OpenGLES.framework */,
				774065721B51D8910080F4F7 /* Accelerate.framework */,
				02CE6032C2CA231D5D9C9D86 /* Pods.framework */,
			);
			name = Frameworks;
			sourceTree = "<group>";
		};
/* End PBXGroup section */

/* Begin PBXNativeTarget section */
		774065361B51CF770080F4F7 /* Deci-mate */ = {
			isa = PBXNativeTarget;
			buildConfigurationList = 774065591B51CF780080F4F7 /* Build configuration list for PBXNativeTarget "Deci-mate" */;
			buildPhases = (
				DB68F6AF681EE099DFC9C17D /* Check Pods Manifest.lock */,
				774065331B51CF770080F4F7 /* Sources */,
				774065341B51CF770080F4F7 /* Frameworks */,
				774065351B51CF770080F4F7 /* Resources */,
				FA0578CF6070010340E0FD72 /* Embed Pods Frameworks */,
				34A600A16A4FE31C7E0B7E7B /* Copy Pods Resources */,
			);
			buildRules = (
			);
			dependencies = (
			);
			name = "Deci-mate";
			productName = "Deci-mate";
			productReference = 774065371B51CF770080F4F7 /* Deci-mate.app */;
			productType = "com.apple.product-type.application";
		};
		7740654E1B51CF780080F4F7 /* Deci-mateTests */ = {
			isa = PBXNativeTarget;
			buildConfigurationList = 7740655C1B51CF780080F4F7 /* Build configuration list for PBXNativeTarget "Deci-mateTests" */;
			buildPhases = (
				7740654B1B51CF780080F4F7 /* Sources */,
				7740654C1B51CF780080F4F7 /* Frameworks */,
				7740654D1B51CF780080F4F7 /* Resources */,
			);
			buildRules = (
			);
			dependencies = (
				774065511B51CF780080F4F7 /* PBXTargetDependency */,
			);
			name = "Deci-mateTests";
			productName = "Deci-mateTests";
			productReference = 7740654F1B51CF780080F4F7 /* Deci-mateTests.xctest */;
			productType = "com.apple.product-type.bundle.unit-test";
		};
/* End PBXNativeTarget section */

/* Begin PBXProject section */
		7740652F1B51CF770080F4F7 /* Project object */ = {
			isa = PBXProject;
			attributes = {
				LastUpgradeCheck = 0640;
				ORGANIZATIONNAME = Innogen;
				TargetAttributes = {
					774065361B51CF770080F4F7 = {
						CreatedOnToolsVersion = 6.4;
						SystemCapabilities = {
							com.apple.BackgroundModes = {
								enabled = 1;
							};
						};
					};
					7740654E1B51CF780080F4F7 = {
						CreatedOnToolsVersion = 6.4;
						TestTargetID = 774065361B51CF770080F4F7;
					};
				};
			};
			buildConfigurationList = 774065321B51CF770080F4F7 /* Build configuration list for PBXProject "Deci-mate" */;
			compatibilityVersion = "Xcode 3.2";
			developmentRegion = English;
			hasScannedForEncodings = 0;
			knownRegions = (
				en,
				Base,
			);
			mainGroup = 7740652E1B51CF770080F4F7;
			productRefGroup = 774065381B51CF770080F4F7 /* Products */;
			projectDirPath = "";
			projectRoot = "";
			targets = (
				774065361B51CF770080F4F7 /* Deci-mate */,
				7740654E1B51CF780080F4F7 /* Deci-mateTests */,
			);
		};
/* End PBXProject section */

/* Begin PBXResourcesBuildPhase section */
		774065351B51CF770080F4F7 /* Resources */ = {
			isa = PBXResourcesBuildPhase;
			buildActionMask = 2147483647;
			files = (
				774065451B51CF770080F4F7 /* Main.storyboard in Resources */,
				7740654A1B51CF770080F4F7 /* LaunchScreen.xib in Resources */,
				774065471B51CF770080F4F7 /* Images.xcassets in Resources */,
			);
			runOnlyForDeploymentPostprocessing = 0;
		};
		7740654D1B51CF780080F4F7 /* Resources */ = {
			isa = PBXResourcesBuildPhase;
			buildActionMask = 2147483647;
			files = (
			);
			runOnlyForDeploymentPostprocessing = 0;
		};
/* End PBXResourcesBuildPhase section */

/* Begin PBXShellScriptBuildPhase section */
		34A600A16A4FE31C7E0B7E7B /* Copy Pods Resources */ = {
			isa = PBXShellScriptBuildPhase;
			buildActionMask = 2147483647;
			files = (
			);
			inputPaths = (
			);
			name = "Copy Pods Resources";
			outputPaths = (
			);
			runOnlyForDeploymentPostprocessing = 0;
			shellPath = /bin/sh;
			shellScript = "\"${SRCROOT}/Pods/Target Support Files/Pods/Pods-resources.sh\"\n";
			showEnvVarsInLog = 0;
		};
		DB68F6AF681EE099DFC9C17D /* Check Pods Manifest.lock */ = {
			isa = PBXShellScriptBuildPhase;
			buildActionMask = 2147483647;
			files = (
			);
			inputPaths = (
			);
			name = "Check Pods Manifest.lock";
			outputPaths = (
			);
			runOnlyForDeploymentPostprocessing = 0;
			shellPath = /bin/sh;
			shellScript = "diff \"${PODS_ROOT}/../Podfile.lock\" \"${PODS_ROOT}/Manifest.lock\" > /dev/null\nif [[ $? != 0 ]] ; then\n    cat << EOM\nerror: The sandbox is not in sync with the Podfile.lock. Run 'pod install' or update your CocoaPods installation.\nEOM\n    exit 1\nfi\n";
			showEnvVarsInLog = 0;
		};
		FA0578CF6070010340E0FD72 /* Embed Pods Frameworks */ = {
			isa = PBXShellScriptBuildPhase;
			buildActionMask = 2147483647;
			files = (
			);
			inputPaths = (
			);
			name = "Embed Pods Frameworks";
			outputPaths = (
			);
			runOnlyForDeploymentPostprocessing = 0;
			shellPath = /bin/sh;
			shellScript = "\"${SRCROOT}/Pods/Target Support Files/Pods/Pods-frameworks.sh\"\n";
			showEnvVarsInLog = 0;
		};
/* End PBXShellScriptBuildPhase section */

/* Begin PBXSourcesBuildPhase section */
		774065331B51CF770080F4F7 /* Sources */ = {
			isa = PBXSourcesBuildPhase;
			buildActionMask = 2147483647;
			files = (
				774065421B51CF770080F4F7 /* ViewController.swift in Sources */,
				B8C87AB11B52D932008478A3 /* Alamofire-SwiftyJSON.swift in Sources */,
				7740653D1B51CF770080F4F7 /* AppDelegate.swift in Sources */,
				7740658B1B51DBED0080F4F7 /* FFTHelper.mm in Sources */,
				774065711B51D8270080F4F7 /* AudioMeter.mm in Sources */,
				774065851B51DA1C0080F4F7 /* mo_audio.mm in Sources */,
				774065401B51CF770080F4F7 /* Deci_mate.xcdatamodeld in Sources */,
				774065861B51DA1C0080F4F7 /* mo_gfx.mm in Sources */,
				77C4FC781B52E05E00181A27 /* SettingsViewController.swift in Sources */,
				7740658D1B51FB990080F4F7 /* Model.swift in Sources */,
			);
			runOnlyForDeploymentPostprocessing = 0;
		};
		7740654B1B51CF780080F4F7 /* Sources */ = {
			isa = PBXSourcesBuildPhase;
			buildActionMask = 2147483647;
			files = (
				774065561B51CF780080F4F7 /* Deci_mateTests.swift in Sources */,
			);
			runOnlyForDeploymentPostprocessing = 0;
		};
/* End PBXSourcesBuildPhase section */

/* Begin PBXTargetDependency section */
		774065511B51CF780080F4F7 /* PBXTargetDependency */ = {
			isa = PBXTargetDependency;
			target = 774065361B51CF770080F4F7 /* Deci-mate */;
			targetProxy = 774065501B51CF780080F4F7 /* PBXContainerItemProxy */;
		};
/* End PBXTargetDependency section */

/* Begin PBXVariantGroup section */
		774065431B51CF770080F4F7 /* Main.storyboard */ = {
			isa = PBXVariantGroup;
			children = (
				774065441B51CF770080F4F7 /* Base */,
			);
			name = Main.storyboard;
			sourceTree = "<group>";
		};
		774065481B51CF770080F4F7 /* LaunchScreen.xib */ = {
			isa = PBXVariantGroup;
			children = (
				774065491B51CF770080F4F7 /* Base */,
			);
			name = LaunchScreen.xib;
			sourceTree = "<group>";
		};
/* End PBXVariantGroup section */

/* Begin XCBuildConfiguration section */
		774065571B51CF780080F4F7 /* Debug */ = {
			isa = XCBuildConfiguration;
			buildSettings = {
				ALWAYS_SEARCH_USER_PATHS = NO;
				CLANG_CXX_LANGUAGE_STANDARD = "gnu++0x";
				CLANG_CXX_LIBRARY = "libc++";
				CLANG_ENABLE_MODULES = YES;
				CLANG_ENABLE_OBJC_ARC = YES;
				CLANG_WARN_BOOL_CONVERSION = YES;
				CLANG_WARN_CONSTANT_CONVERSION = YES;
				CLANG_WARN_DIRECT_OBJC_ISA_USAGE = YES_ERROR;
				CLANG_WARN_EMPTY_BODY = YES;
				CLANG_WARN_ENUM_CONVERSION = YES;
				CLANG_WARN_INT_CONVERSION = YES;
				CLANG_WARN_OBJC_ROOT_CLASS = YES_ERROR;
				CLANG_WARN_UNREACHABLE_CODE = YES;
				CLANG_WARN__DUPLICATE_METHOD_MATCH = YES;
				"CODE_SIGN_IDENTITY[sdk=iphoneos*]" = "iPhone Developer";
				COPY_PHASE_STRIP = NO;
				DEBUG_INFORMATION_FORMAT = "dwarf-with-dsym";
				ENABLE_STRICT_OBJC_MSGSEND = YES;
				GCC_C_LANGUAGE_STANDARD = gnu99;
				GCC_DYNAMIC_NO_PIC = NO;
				GCC_NO_COMMON_BLOCKS = YES;
				GCC_OPTIMIZATION_LEVEL = 0;
				GCC_PREPROCESSOR_DEFINITIONS = (
					"DEBUG=1",
					"$(inherited)",
				);
				GCC_SYMBOLS_PRIVATE_EXTERN = NO;
				GCC_WARN_64_TO_32_BIT_CONVERSION = YES;
				GCC_WARN_ABOUT_RETURN_TYPE = YES_ERROR;
				GCC_WARN_UNDECLARED_SELECTOR = YES;
				GCC_WARN_UNINITIALIZED_AUTOS = YES_AGGRESSIVE;
				GCC_WARN_UNUSED_FUNCTION = YES;
				GCC_WARN_UNUSED_VARIABLE = YES;
				IPHONEOS_DEPLOYMENT_TARGET = 8.2;
				MTL_ENABLE_DEBUG_INFO = YES;
				ONLY_ACTIVE_ARCH = YES;
				SDKROOT = iphoneos;
				SWIFT_OPTIMIZATION_LEVEL = "-Onone";
			};
			name = Debug;
		};
		774065581B51CF780080F4F7 /* Release */ = {
			isa = XCBuildConfiguration;
			buildSettings = {
				ALWAYS_SEARCH_USER_PATHS = NO;
				CLANG_CXX_LANGUAGE_STANDARD = "gnu++0x";
				CLANG_CXX_LIBRARY = "libc++";
				CLANG_ENABLE_MODULES = YES;
				CLANG_ENABLE_OBJC_ARC = YES;
				CLANG_WARN_BOOL_CONVERSION = YES;
				CLANG_WARN_CONSTANT_CONVERSION = YES;
				CLANG_WARN_DIRECT_OBJC_ISA_USAGE = YES_ERROR;
				CLANG_WARN_EMPTY_BODY = YES;
				CLANG_WARN_ENUM_CONVERSION = YES;
				CLANG_WARN_INT_CONVERSION = YES;
				CLANG_WARN_OBJC_ROOT_CLASS = YES_ERROR;
				CLANG_WARN_UNREACHABLE_CODE = YES;
				CLANG_WARN__DUPLICATE_METHOD_MATCH = YES;
				"CODE_SIGN_IDENTITY[sdk=iphoneos*]" = "iPhone Developer";
				COPY_PHASE_STRIP = NO;
				DEBUG_INFORMATION_FORMAT = "dwarf-with-dsym";
				ENABLE_NS_ASSERTIONS = NO;
				ENABLE_STRICT_OBJC_MSGSEND = YES;
				GCC_C_LANGUAGE_STANDARD = gnu99;
				GCC_NO_COMMON_BLOCKS = YES;
				GCC_WARN_64_TO_32_BIT_CONVERSION = YES;
				GCC_WARN_ABOUT_RETURN_TYPE = YES_ERROR;
				GCC_WARN_UNDECLARED_SELECTOR = YES;
				GCC_WARN_UNINITIALIZED_AUTOS = YES_AGGRESSIVE;
				GCC_WARN_UNUSED_FUNCTION = YES;
				GCC_WARN_UNUSED_VARIABLE = YES;
				IPHONEOS_DEPLOYMENT_TARGET = 8.2;
				MTL_ENABLE_DEBUG_INFO = NO;
				SDKROOT = iphoneos;
				VALIDATE_PRODUCT = YES;
			};
			name = Release;
		};
		7740655A1B51CF780080F4F7 /* Debug */ = {
			isa = XCBuildConfiguration;
			baseConfigurationReference = 87D3F8273D6C741CB4052C42 /* Pods.debug.xcconfig */;
			buildSettings = {
				ASSETCATALOG_COMPILER_APPICON_NAME = AppIcon;
				CLANG_ENABLE_MODULES = YES;
				FRAMEWORK_SEARCH_PATHS = (
					"$(inherited)",
					"$(PROJECT_DIR)",
				);
				GCC_PRECOMPILE_PREFIX_HEADER = YES;
				INFOPLIST_FILE = "Deci-mate/Info.plist";
				LD_RUNPATH_SEARCH_PATHS = "$(inherited) @executable_path/Frameworks";
				PRODUCT_NAME = "$(TARGET_NAME)";
				SWIFT_OBJC_BRIDGING_HEADER = "Deci-mate/Deci-mate-Bridging-Header.h";
				SWIFT_OPTIMIZATION_LEVEL = "-Onone";
			};
			name = Debug;
		};
		7740655B1B51CF780080F4F7 /* Release */ = {
			isa = XCBuildConfiguration;
			baseConfigurationReference = CBB63EED0C7C6911BF49DC6D /* Pods.release.xcconfig */;
			buildSettings = {
				ASSETCATALOG_COMPILER_APPICON_NAME = AppIcon;
				CLANG_ENABLE_MODULES = YES;
				FRAMEWORK_SEARCH_PATHS = (
					"$(inherited)",
					"$(PROJECT_DIR)",
				);
				GCC_PRECOMPILE_PREFIX_HEADER = YES;
				INFOPLIST_FILE = "Deci-mate/Info.plist";
				LD_RUNPATH_SEARCH_PATHS = "$(inherited) @executable_path/Frameworks";
				PRODUCT_NAME = "$(TARGET_NAME)";
				SWIFT_OBJC_BRIDGING_HEADER = "Deci-mate/Deci-mate-Bridging-Header.h";
			};
			name = Release;
		};
		7740655D1B51CF780080F4F7 /* Debug */ = {
			isa = XCBuildConfiguration;
			buildSettings = {
				BUNDLE_LOADER = "$(TEST_HOST)";
				FRAMEWORK_SEARCH_PATHS = (
					"$(SDKROOT)/Developer/Library/Frameworks",
					"$(inherited)",
				);
				GCC_PREPROCESSOR_DEFINITIONS = (
					"DEBUG=1",
					"$(inherited)",
				);
				INFOPLIST_FILE = "Deci-mateTests/Info.plist";
				LD_RUNPATH_SEARCH_PATHS = "$(inherited) @executable_path/Frameworks @loader_path/Frameworks";
				PRODUCT_NAME = "$(TARGET_NAME)";
				TEST_HOST = "$(BUILT_PRODUCTS_DIR)/Deci-mate.app/Deci-mate";
			};
			name = Debug;
		};
		7740655E1B51CF780080F4F7 /* Release */ = {
			isa = XCBuildConfiguration;
			buildSettings = {
				BUNDLE_LOADER = "$(TEST_HOST)";
				FRAMEWORK_SEARCH_PATHS = (
					"$(SDKROOT)/Developer/Library/Frameworks",
					"$(inherited)",
				);
				INFOPLIST_FILE = "Deci-mateTests/Info.plist";
				LD_RUNPATH_SEARCH_PATHS = "$(inherited) @executable_path/Frameworks @loader_path/Frameworks";
				PRODUCT_NAME = "$(TARGET_NAME)";
				TEST_HOST = "$(BUILT_PRODUCTS_DIR)/Deci-mate.app/Deci-mate";
			};
			name = Release;
		};
/* End XCBuildConfiguration section */

/* Begin XCConfigurationList section */
		774065321B51CF770080F4F7 /* Build configuration list for PBXProject "Deci-mate" */ = {
			isa = XCConfigurationList;
			buildConfigurations = (
				774065571B51CF780080F4F7 /* Debug */,
				774065581B51CF780080F4F7 /* Release */,
			);
			defaultConfigurationIsVisible = 0;
			defaultConfigurationName = Release;
		};
		774065591B51CF780080F4F7 /* Build configuration list for PBXNativeTarget "Deci-mate" */ = {
			isa = XCConfigurationList;
			buildConfigurations = (
				7740655A1B51CF780080F4F7 /* Debug */,
				7740655B1B51CF780080F4F7 /* Release */,
			);
			defaultConfigurationIsVisible = 0;
			defaultConfigurationName = Release;
		};
		7740655C1B51CF780080F4F7 /* Build configuration list for PBXNativeTarget "Deci-mateTests" */ = {
			isa = XCConfigurationList;
			buildConfigurations = (
				7740655D1B51CF780080F4F7 /* Debug */,
				7740655E1B51CF780080F4F7 /* Release */,
			);
			defaultConfigurationIsVisible = 0;
			defaultConfigurationName = Release;
		};
/* End XCConfigurationList section */

/* Begin XCVersionGroup section */
		7740653E1B51CF770080F4F7 /* Deci_mate.xcdatamodeld */ = {
			isa = XCVersionGroup;
			children = (
				7740653F1B51CF770080F4F7 /* Deci_mate.xcdatamodel */,
			);
			currentVersion = 7740653F1B51CF770080F4F7 /* Deci_mate.xcdatamodel */;
			path = Deci_mate.xcdatamodeld;
			sourceTree = "<group>";
			versionGroupType = wrapper.xcdatamodel;
		};
/* End XCVersionGroup section */
	};
	rootObject = 7740652F1B51CF770080F4F7 /* Project object */;
}
